<?xml version="1.0" encoding="utf-8"?>
<Project ToolsVersion="4.0" xmlns="http://schemas.microsoft.com/developer/msbuild/2003">
  <ItemGroup>
    <Filter Include="源文件">
      <UniqueIdentifier>{4FC737F1-C7A5-4376-A066-2A32D752A2FF}</UniqueIdentifier>
      <Extensions>cpp;c;cc;cxx;def;odl;idl;hpj;bat;asm;asmx</Extensions>
    </Filter>
    <Filter Include="头文件">
      <UniqueIdentifier>{93995380-89BD-4b04-88EB-625FBE52EBFB}</UniqueIdentifier>
      <Extensions>h;hh;hpp;hxx;hm;inl;inc;xsd</Extensions>
    </Filter>
    <Filter Include="资源文件">
      <UniqueIdentifier>{67DA6AB6-F800-4c08-8B7A-83BB121AAD01}</UniqueIdentifier>
      <Extensions>rc;ico;cur;bmp;dlg;rc2;rct;bin;rgs;gif;jpg;jpeg;jpe;resx;tiff;tif;png;wav;mfcribbon-ms</Extensions>
    </Filter>
  </ItemGroup>
  <ItemGroup>
    <ClCompile Include="4k在数组中出现的次数.cpp">
      <Filter>源文件</Filter>
    </ClCompile>
    <ClCompile Include="3最大的偶窜长度.cpp">
      <Filter>源文件</Filter>
    </ClCompile>
    <ClCompile Include="2最少的回文个数.cpp">
      <Filter>源文件</Filter>
    </ClCompile>
    <ClCompile Include="1排序.cpp">
      <Filter>源文件</Filter>
    </ClCompile>
    <ClCompile Include="6查找.cpp">
      <Filter>源文件</Filter>
    </ClCompile>
    <ClCompile Include="7散列表.cpp">
      <Filter>源文件</Filter>
    </ClCompile>
    <ClCompile Include="9彩色砖块_网易.cpp">
      <Filter>源文件</Filter>
    </ClCompile>
    <ClCompile Include="10Effective.cpp">
      <Filter>源文件</Filter>
    </ClCompile>
    <ClCompile Include="11HuaWei.cpp">
      <Filter>源文件</Filter>
    </ClCompile>
    <ClCompile Include="12LianJia.cpp">
      <Filter>源文件</Filter>
    </ClCompile>
    <ClCompile Include="13_58最短子窜.cpp">
      <Filter>源文件</Filter>
    </ClCompile>
    <ClCompile Include="14字符串的排序.cpp">
      <Filter>源文件</Filter>
    </ClCompile>
    <ClCompile Include="15 字符自动分割.cpp">
      <Filter>源文件</Filter>
    </ClCompile>
    <ClCompile Include="16从第一个字符串中删除第二个字符串中出现的数.cpp">
      <Filter>源文件</Filter>
    </ClCompile>
    <ClCompile Include="17滴滴.cpp">
      <Filter>源文件</Filter>
    </ClCompile>
    <ClCompile Include="18输入方式.cpp">
      <Filter>源文件</Filter>
    </ClCompile>
    <ClCompile Include="19搜狐.cpp">
      <Filter>源文件</Filter>
    </ClCompile>
    <ClCompile Include="20腾讯模拟.cpp">
      <Filter>源文件</Filter>
    </ClCompile>
    <ClCompile Include="21美团内推.cpp">
      <Filter>源文件</Filter>
    </ClCompile>
    <ClCompile Include="22广联达.cpp">
      <Filter>源文件</Filter>
    </ClCompile>
    <ClCompile Include="23拼多多.cpp">
      <Filter>源文件</Filter>
    </ClCompile>
    <ClCompile Include="24m进制转换为n进制.cpp">
      <Filter>源文件</Filter>
    </ClCompile>
    <ClCompile Include="5最长回文窜.cpp">
      <Filter>源文件</Filter>
    </ClCompile>
    <ClCompile Include="25公共子窜和公共子序列.cpp">
      <Filter>源文件</Filter>
    </ClCompile>
    <ClCompile Include="26动态规划.cpp">
      <Filter>源文件</Filter>
    </ClCompile>
    <ClCompile Include="27搜狗.cpp">
      <Filter>源文件</Filter>
    </ClCompile>
    <ClCompile Include="28KMP.cpp">
      <Filter>源文件</Filter>
    </ClCompile>
    <ClCompile Include="29京东.cpp">
      <Filter>源文件</Filter>
    </ClCompile>
    <ClCompile Include="30网易.cpp">
      <Filter>源文件</Filter>
    </ClCompile>
    <ClCompile Include="31今日头条.cpp">
      <Filter>源文件</Filter>
    </ClCompile>
    <ClCompile Include="32腾讯.cpp">
      <Filter>源文件</Filter>
    </ClCompile>
    <ClCompile Include="33华为.cpp">
      <Filter>源文件</Filter>
    </ClCompile>
    <ClCompile Include="34海康威视.cpp">
      <Filter>源文件</Filter>
    </ClCompile>
  </ItemGroup>
  <ItemGroup>
    <ClInclude Include="Sortting.h">
      <Filter>头文件</Filter>
    </ClInclude>
    <ClInclude Include="Searching.h">
      <Filter>头文件</Filter>
    </ClInclude>
    <ClInclude Include="Effective.h">
      <Filter>头文件</Filter>
    </ClInclude>
    <ClInclude Include="Class_def.h">
      <Filter>头文件</Filter>
    </ClInclude>
  </ItemGroup>
</Project>